
Microsoft Visual Studio Solution File, Format Version 12.00
# Visual Studio 15
VisualStudioVersion = 15.0.27703.2000
MinimumVisualStudioVersion = 10.0.40219.1
Project("{FAE04EC0-301F-11D3-BF4B-00C04F79EFBC}") = "testConsoleApp", "testConsoleApp\testConsoleApp.csproj", "{BA9D968B-864C-4D2A-B69D-9993F412972E}"
EndProject
Project("{FAE04EC0-301F-11D3-BF4B-00C04F79EFBC}") = "Variabler", "Variabler\Variabler.csproj", "{EA925C97-9BD8-401B-85AE-8673D6FA04CA}"
EndProject
Project("{FAE04EC0-301F-11D3-BF4B-00C04F79EFBC}") = "DatoOgTid", "DatoOgTid\DatoOgTid.csproj", "{3B512B0B-3E6C-4FA6-9BB9-18789485D955}"
EndProject
Project("{FAE04EC0-301F-11D3-BF4B-00C04F79EFBC}") = "Array", "Array\Array.csproj", "{8033F2ED-A56B-47BA-9921-B4E7773A5C02}"
EndProject
Project("{FAE04EC0-301F-11D3-BF4B-00C04F79EFBC}") = "Strenge", "Strenge\Strenge.csproj", "{6D1A57A1-ED81-41DA-B122-33D732EF1EC8}"
EndProject
Project("{FAE04EC0-301F-11D3-BF4B-00C04F79EFBC}") = "10tabel", "10tabel\10tabel.csproj", "{96C5B3F8-B76C-4B46-A421-FED840F43BB4}"
EndProject
Project("{FAE04EC0-301F-11D3-BF4B-00C04F79EFBC}") = "SmåMetoder", "SmåMetoder\SmåMetoder.csproj", "{68B1B40A-4B4F-4464-A481-02DA68D07011}"
EndProject
Project("{FAE04EC0-301F-11D3-BF4B-00C04F79EFBC}") = "Overload", "Overload\Overload.csproj", "{384FC463-470E-4B0A-B2BA-8A559BB59865}"
EndProject
Project("{FAE04EC0-301F-11D3-BF4B-00C04F79EFBC}") = "BeregnArray", "BeregnArray\BeregnArray.csproj", "{D073B98C-997C-4DE9-80F9-A81E997CCB52}"
EndProject
Project("{FAE04EC0-301F-11D3-BF4B-00C04F79EFBC}") = "OOP", "OOP\OOP.csproj", "{7767F4D7-A5B3-4DA8-80A4-F7012D67F88E}"
EndProject
Project("{FAE04EC0-301F-11D3-BF4B-00C04F79EFBC}") = "Terning", "Terning\Terning.csproj", "{2E7E9EC9-7EBA-4EF3-B4F8-B7A48036F813}"
EndProject
Project("{FAE04EC0-301F-11D3-BF4B-00C04F79EFBC}") = "Egenskaber", "Egenskaber\Egenskaber.csproj", "{2D73D932-4783-4B6E-A7D2-A08C0981581C}"
EndProject
Project("{FAE04EC0-301F-11D3-BF4B-00C04F79EFBC}") = "Trekant", "Trekant\Trekant.csproj", "{ABA7C75A-37CA-4475-A5E3-3CB462977C80}"
EndProject
Project("{FAE04EC0-301F-11D3-BF4B-00C04F79EFBC}") = "Person", "Person\Person.csproj", "{D1DCE700-A487-4D7A-AFE6-F2508984AAAB}"
EndProject
Project("{FAE04EC0-301F-11D3-BF4B-00C04F79EFBC}") = "ArealBeregninger", "ArealBeregninger\ArealBeregninger.csproj", "{9C96F209-3F87-4DE5-A396-70295B38627F}"
EndProject
Project("{FAE04EC0-301F-11D3-BF4B-00C04F79EFBC}") = "Arv", "Arv\Arv.csproj", "{1DCF64BF-C2A0-4D9D-B0EA-DDDBBA51BC21}"
EndProject
Project("{FAE04EC0-301F-11D3-BF4B-00C04F79EFBC}") = "Polymorfi", "Polymorfi\Polymorfi.csproj", "{812FF4DB-D9BC-4861-AFA5-34099597F8F5}"
EndProject
Project("{FAE04EC0-301F-11D3-BF4B-00C04F79EFBC}") = "Polymofi.Dyr", "Polymofi.Dyr\Polymofi.Dyr.csproj", "{295F5C66-F15F-42CB-A537-1B9A7464A02C}"
EndProject
Project("{FAE04EC0-301F-11D3-BF4B-00C04F79EFBC}") = "Simpel.fejlhåndtering", "Simpel.fejlhåndtering\Simpel.fejlhåndtering.csproj", "{A449E031-A05A-4EBD-96A9-6A7E9DF0FBA0}"
EndProject
Project("{FAE04EC0-301F-11D3-BF4B-00C04F79EFBC}") = "Egen.Exception", "Egen.Exception\Egen.Exception.csproj", "{9C709F32-29E8-4526-8C1C-609040A4AF6E}"
EndProject
Global
	GlobalSection(SolutionConfigurationPlatforms) = preSolution
		Debug|Any CPU = Debug|Any CPU
		Release|Any CPU = Release|Any CPU
	EndGlobalSection
	GlobalSection(ProjectConfigurationPlatforms) = postSolution
		{BA9D968B-864C-4D2A-B69D-9993F412972E}.Debug|Any CPU.ActiveCfg = Debug|Any CPU
		{BA9D968B-864C-4D2A-B69D-9993F412972E}.Debug|Any CPU.Build.0 = Debug|Any CPU
		{BA9D968B-864C-4D2A-B69D-9993F412972E}.Release|Any CPU.ActiveCfg = Release|Any CPU
		{BA9D968B-864C-4D2A-B69D-9993F412972E}.Release|Any CPU.Build.0 = Release|Any CPU
		{EA925C97-9BD8-401B-85AE-8673D6FA04CA}.Debug|Any CPU.ActiveCfg = Debug|Any CPU
		{EA925C97-9BD8-401B-85AE-8673D6FA04CA}.Debug|Any CPU.Build.0 = Debug|Any CPU
		{EA925C97-9BD8-401B-85AE-8673D6FA04CA}.Release|Any CPU.ActiveCfg = Release|Any CPU
		{EA925C97-9BD8-401B-85AE-8673D6FA04CA}.Release|Any CPU.Build.0 = Release|Any CPU
		{3B512B0B-3E6C-4FA6-9BB9-18789485D955}.Debug|Any CPU.ActiveCfg = Debug|Any CPU
		{3B512B0B-3E6C-4FA6-9BB9-18789485D955}.Debug|Any CPU.Build.0 = Debug|Any CPU
		{3B512B0B-3E6C-4FA6-9BB9-18789485D955}.Release|Any CPU.ActiveCfg = Release|Any CPU
		{3B512B0B-3E6C-4FA6-9BB9-18789485D955}.Release|Any CPU.Build.0 = Release|Any CPU
		{8033F2ED-A56B-47BA-9921-B4E7773A5C02}.Debug|Any CPU.ActiveCfg = Debug|Any CPU
		{8033F2ED-A56B-47BA-9921-B4E7773A5C02}.Debug|Any CPU.Build.0 = Debug|Any CPU
		{8033F2ED-A56B-47BA-9921-B4E7773A5C02}.Release|Any CPU.ActiveCfg = Release|Any CPU
		{8033F2ED-A56B-47BA-9921-B4E7773A5C02}.Release|Any CPU.Build.0 = Release|Any CPU
		{6D1A57A1-ED81-41DA-B122-33D732EF1EC8}.Debug|Any CPU.ActiveCfg = Debug|Any CPU
		{6D1A57A1-ED81-41DA-B122-33D732EF1EC8}.Debug|Any CPU.Build.0 = Debug|Any CPU
		{6D1A57A1-ED81-41DA-B122-33D732EF1EC8}.Release|Any CPU.ActiveCfg = Release|Any CPU
		{6D1A57A1-ED81-41DA-B122-33D732EF1EC8}.Release|Any CPU.Build.0 = Release|Any CPU
		{96C5B3F8-B76C-4B46-A421-FED840F43BB4}.Debug|Any CPU.ActiveCfg = Debug|Any CPU
		{96C5B3F8-B76C-4B46-A421-FED840F43BB4}.Debug|Any CPU.Build.0 = Debug|Any CPU
		{96C5B3F8-B76C-4B46-A421-FED840F43BB4}.Release|Any CPU.ActiveCfg = Release|Any CPU
		{96C5B3F8-B76C-4B46-A421-FED840F43BB4}.Release|Any CPU.Build.0 = Release|Any CPU
		{68B1B40A-4B4F-4464-A481-02DA68D07011}.Debug|Any CPU.ActiveCfg = Debug|Any CPU
		{68B1B40A-4B4F-4464-A481-02DA68D07011}.Debug|Any CPU.Build.0 = Debug|Any CPU
		{68B1B40A-4B4F-4464-A481-02DA68D07011}.Release|Any CPU.ActiveCfg = Release|Any CPU
		{68B1B40A-4B4F-4464-A481-02DA68D07011}.Release|Any CPU.Build.0 = Release|Any CPU
		{384FC463-470E-4B0A-B2BA-8A559BB59865}.Debug|Any CPU.ActiveCfg = Debug|Any CPU
		{384FC463-470E-4B0A-B2BA-8A559BB59865}.Debug|Any CPU.Build.0 = Debug|Any CPU
		{384FC463-470E-4B0A-B2BA-8A559BB59865}.Release|Any CPU.ActiveCfg = Release|Any CPU
		{384FC463-470E-4B0A-B2BA-8A559BB59865}.Release|Any CPU.Build.0 = Release|Any CPU
		{D073B98C-997C-4DE9-80F9-A81E997CCB52}.Debug|Any CPU.ActiveCfg = Debug|Any CPU
		{D073B98C-997C-4DE9-80F9-A81E997CCB52}.Debug|Any CPU.Build.0 = Debug|Any CPU
		{D073B98C-997C-4DE9-80F9-A81E997CCB52}.Release|Any CPU.ActiveCfg = Release|Any CPU
		{D073B98C-997C-4DE9-80F9-A81E997CCB52}.Release|Any CPU.Build.0 = Release|Any CPU
		{7767F4D7-A5B3-4DA8-80A4-F7012D67F88E}.Debug|Any CPU.ActiveCfg = Debug|Any CPU
		{7767F4D7-A5B3-4DA8-80A4-F7012D67F88E}.Debug|Any CPU.Build.0 = Debug|Any CPU
		{7767F4D7-A5B3-4DA8-80A4-F7012D67F88E}.Release|Any CPU.ActiveCfg = Release|Any CPU
		{7767F4D7-A5B3-4DA8-80A4-F7012D67F88E}.Release|Any CPU.Build.0 = Release|Any CPU
		{2E7E9EC9-7EBA-4EF3-B4F8-B7A48036F813}.Debug|Any CPU.ActiveCfg = Debug|Any CPU
		{2E7E9EC9-7EBA-4EF3-B4F8-B7A48036F813}.Debug|Any CPU.Build.0 = Debug|Any CPU
		{2E7E9EC9-7EBA-4EF3-B4F8-B7A48036F813}.Release|Any CPU.ActiveCfg = Release|Any CPU
		{2E7E9EC9-7EBA-4EF3-B4F8-B7A48036F813}.Release|Any CPU.Build.0 = Release|Any CPU
		{2D73D932-4783-4B6E-A7D2-A08C0981581C}.Debug|Any CPU.ActiveCfg = Debug|Any CPU
		{2D73D932-4783-4B6E-A7D2-A08C0981581C}.Debug|Any CPU.Build.0 = Debug|Any CPU
		{2D73D932-4783-4B6E-A7D2-A08C0981581C}.Release|Any CPU.ActiveCfg = Release|Any CPU
		{2D73D932-4783-4B6E-A7D2-A08C0981581C}.Release|Any CPU.Build.0 = Release|Any CPU
		{ABA7C75A-37CA-4475-A5E3-3CB462977C80}.Debug|Any CPU.ActiveCfg = Debug|Any CPU
		{ABA7C75A-37CA-4475-A5E3-3CB462977C80}.Debug|Any CPU.Build.0 = Debug|Any CPU
		{ABA7C75A-37CA-4475-A5E3-3CB462977C80}.Release|Any CPU.ActiveCfg = Release|Any CPU
		{ABA7C75A-37CA-4475-A5E3-3CB462977C80}.Release|Any CPU.Build.0 = Release|Any CPU
		{D1DCE700-A487-4D7A-AFE6-F2508984AAAB}.Debug|Any CPU.ActiveCfg = Debug|Any CPU
		{D1DCE700-A487-4D7A-AFE6-F2508984AAAB}.Debug|Any CPU.Build.0 = Debug|Any CPU
		{D1DCE700-A487-4D7A-AFE6-F2508984AAAB}.Release|Any CPU.ActiveCfg = Release|Any CPU
		{D1DCE700-A487-4D7A-AFE6-F2508984AAAB}.Release|Any CPU.Build.0 = Release|Any CPU
		{9C96F209-3F87-4DE5-A396-70295B38627F}.Debug|Any CPU.ActiveCfg = Debug|Any CPU
		{9C96F209-3F87-4DE5-A396-70295B38627F}.Debug|Any CPU.Build.0 = Debug|Any CPU
		{9C96F209-3F87-4DE5-A396-70295B38627F}.Release|Any CPU.ActiveCfg = Release|Any CPU
		{9C96F209-3F87-4DE5-A396-70295B38627F}.Release|Any CPU.Build.0 = Release|Any CPU
		{1DCF64BF-C2A0-4D9D-B0EA-DDDBBA51BC21}.Debug|Any CPU.ActiveCfg = Debug|Any CPU
		{1DCF64BF-C2A0-4D9D-B0EA-DDDBBA51BC21}.Debug|Any CPU.Build.0 = Debug|Any CPU
		{1DCF64BF-C2A0-4D9D-B0EA-DDDBBA51BC21}.Release|Any CPU.ActiveCfg = Release|Any CPU
		{1DCF64BF-C2A0-4D9D-B0EA-DDDBBA51BC21}.Release|Any CPU.Build.0 = Release|Any CPU
		{812FF4DB-D9BC-4861-AFA5-34099597F8F5}.Debug|Any CPU.ActiveCfg = Debug|Any CPU
		{812FF4DB-D9BC-4861-AFA5-34099597F8F5}.Debug|Any CPU.Build.0 = Debug|Any CPU
		{812FF4DB-D9BC-4861-AFA5-34099597F8F5}.Release|Any CPU.ActiveCfg = Release|Any CPU
		{812FF4DB-D9BC-4861-AFA5-34099597F8F5}.Release|Any CPU.Build.0 = Release|Any CPU
		{295F5C66-F15F-42CB-A537-1B9A7464A02C}.Debug|Any CPU.ActiveCfg = Debug|Any CPU
		{295F5C66-F15F-42CB-A537-1B9A7464A02C}.Debug|Any CPU.Build.0 = Debug|Any CPU
		{295F5C66-F15F-42CB-A537-1B9A7464A02C}.Release|Any CPU.ActiveCfg = Release|Any CPU
		{295F5C66-F15F-42CB-A537-1B9A7464A02C}.Release|Any CPU.Build.0 = Release|Any CPU
		{A449E031-A05A-4EBD-96A9-6A7E9DF0FBA0}.Debug|Any CPU.ActiveCfg = Debug|Any CPU
		{A449E031-A05A-4EBD-96A9-6A7E9DF0FBA0}.Debug|Any CPU.Build.0 = Debug|Any CPU
		{A449E031-A05A-4EBD-96A9-6A7E9DF0FBA0}.Release|Any CPU.ActiveCfg = Release|Any CPU
		{A449E031-A05A-4EBD-96A9-6A7E9DF0FBA0}.Release|Any CPU.Build.0 = Release|Any CPU
		{9C709F32-29E8-4526-8C1C-609040A4AF6E}.Debug|Any CPU.ActiveCfg = Debug|Any CPU
		{9C709F32-29E8-4526-8C1C-609040A4AF6E}.Debug|Any CPU.Build.0 = Debug|Any CPU
		{9C709F32-29E8-4526-8C1C-609040A4AF6E}.Release|Any CPU.ActiveCfg = Release|Any CPU
		{9C709F32-29E8-4526-8C1C-609040A4AF6E}.Release|Any CPU.Build.0 = Release|Any CPU
	EndGlobalSection
	GlobalSection(SolutionProperties) = preSolution
		HideSolutionNode = FALSE
	EndGlobalSection
	GlobalSection(ExtensibilityGlobals) = postSolution
		SolutionGuid = {FF611B44-CA11-4BCD-93BD-F19E2C7BE4A0}
	EndGlobalSection
EndGlobal
