
Microsoft Visual Studio Solution File, Format Version 12.00
# Visual Studio 15
VisualStudioVersion = 15.0.27703.2000
MinimumVisualStudioVersion = 10.0.40219.1
Project("{FAE04EC0-301F-11D3-BF4B-00C04F79EFBC}") = "testConsoleApp", "testConsoleApp\testConsoleApp.csproj", "{BA9D968B-864C-4D2A-B69D-9993F412972E}"
EndProject
Project("{FAE04EC0-301F-11D3-BF4B-00C04F79EFBC}") = "Variabler", "Variabler\Variabler.csproj", "{EA925C97-9BD8-401B-85AE-8673D6FA04CA}"
EndProject
Project("{FAE04EC0-301F-11D3-BF4B-00C04F79EFBC}") = "DatoOgTid", "DatoOgTid\DatoOgTid.csproj", "{3B512B0B-3E6C-4FA6-9BB9-18789485D955}"
EndProject
Global
	GlobalSection(SolutionConfigurationPlatforms) = preSolution
		Debug|Any CPU = Debug|Any CPU
		Release|Any CPU = Release|Any CPU
	EndGlobalSection
	GlobalSection(ProjectConfigurationPlatforms) = postSolution
		{BA9D968B-864C-4D2A-B69D-9993F412972E}.Debug|Any CPU.ActiveCfg = Debug|Any CPU
		{BA9D968B-864C-4D2A-B69D-9993F412972E}.Debug|Any CPU.Build.0 = Debug|Any CPU
		{BA9D968B-864C-4D2A-B69D-9993F412972E}.Release|Any CPU.ActiveCfg = Release|Any CPU
		{BA9D968B-864C-4D2A-B69D-9993F412972E}.Release|Any CPU.Build.0 = Release|Any CPU
		{EA925C97-9BD8-401B-85AE-8673D6FA04CA}.Debug|Any CPU.ActiveCfg = Debug|Any CPU
		{EA925C97-9BD8-401B-85AE-8673D6FA04CA}.Debug|Any CPU.Build.0 = Debug|Any CPU
		{EA925C97-9BD8-401B-85AE-8673D6FA04CA}.Release|Any CPU.ActiveCfg = Release|Any CPU
		{EA925C97-9BD8-401B-85AE-8673D6FA04CA}.Release|Any CPU.Build.0 = Release|Any CPU
		{3B512B0B-3E6C-4FA6-9BB9-18789485D955}.Debug|Any CPU.ActiveCfg = Debug|Any CPU
		{3B512B0B-3E6C-4FA6-9BB9-18789485D955}.Debug|Any CPU.Build.0 = Debug|Any CPU
		{3B512B0B-3E6C-4FA6-9BB9-18789485D955}.Release|Any CPU.ActiveCfg = Release|Any CPU
		{3B512B0B-3E6C-4FA6-9BB9-18789485D955}.Release|Any CPU.Build.0 = Release|Any CPU
	EndGlobalSection
	GlobalSection(SolutionProperties) = preSolution
		HideSolutionNode = FALSE
	EndGlobalSection
	GlobalSection(ExtensibilityGlobals) = postSolution
		SolutionGuid = {FF611B44-CA11-4BCD-93BD-F19E2C7BE4A0}
	EndGlobalSection
EndGlobal
